
Microsoft Visual Studio Solution File, Format Version 12.00
# Visual Studio Version 16
VisualStudioVersion = 16.0.30002.166
MinimumVisualStudioVersion = 10.0.40219.1
Project("{2150E333-8FDC-42A3-9474-1A3956D46DE8}") = "Wpf", "Wpf", "{27472D9E-8B04-456D-9BF7-12F79B5F7311}"
EndProject
Project("{2150E333-8FDC-42A3-9474-1A3956D46DE8}") = "Core Libs", "Core Libs", "{B4FB8B5C-B342-4238-867E-1E849F64145A}"
EndProject
Project("{2150E333-8FDC-42A3-9474-1A3956D46DE8}") = "Platforms", "Platforms", "{41656F16-BAC6-41A2-B04D-963AEA691052}"
EndProject
Project("{2150E333-8FDC-42A3-9474-1A3956D46DE8}") = "Console", "Console", "{0D90FCAC-E4EA-484B-B549-2A109B7A6BF2}"
EndProject
Project("{2150E333-8FDC-42A3-9474-1A3956D46DE8}") = "WinForms", "WinForms", "{0CEA8DA6-4625-43F3-A0E5-089919B30572}"
EndProject
Project("{2150E333-8FDC-42A3-9474-1A3956D46DE8}") = "Unity3D", "Unity3D", "{A481F5E8-ED68-468E-9BB9-6D309E0E4208}"
EndProject
Project("{2150E333-8FDC-42A3-9474-1A3956D46DE8}") = "Examples", "Examples", "{E64A7C78-3D5C-4ACE-85C8-81B3A754DF78}"
EndProject
Project("{2150E333-8FDC-42A3-9474-1A3956D46DE8}") = "Wpf", "Wpf", "{03CE212B-CB87-4FF2-A625-C10CBC6CA5BB}"
EndProject
Project("{2150E333-8FDC-42A3-9474-1A3956D46DE8}") = "Console", "Console", "{6DAAD4C6-B9D4-457C-A4EB-9E970F2D0147}"
EndProject
Project("{9A19103F-16F7-4668-BE54-9A1E7A4F7556}") = "SimpleConsoleExampleApp", "Examples\Console\SimpleConsoleExampleApp\SimpleConsoleExampleApp.csproj", "{B4783468-A9BB-4138-A103-E44AEBD591B9}"
EndProject
Project("{9A19103F-16F7-4668-BE54-9A1E7A4F7556}") = "Codefarts.ViewMessaging.Console", "Codefarts.ViewMessaging.Console\Codefarts.ViewMessaging.Console.csproj", "{E3C9A202-DA38-43E7-9D03-91DB376855A0}"
EndProject
Project("{FAE04EC0-301F-11D3-BF4B-00C04F79EFBC}") = "ShowMainAppWindow", "Examples\ShowMainAppWindow\ShowMainAppWindow.csproj", "{0EEA1957-7FCA-4791-B0D4-B5715312F93A}"
EndProject
Project("{FAE04EC0-301F-11D3-BF4B-00C04F79EFBC}") = "Codefarts.ViewMessaging", "Codefarts.ViewMessaging\Codefarts.ViewMessaging.csproj", "{F047B7AE-40CD-417E-8B28-1C9B0A679383}"
EndProject
Project("{FAE04EC0-301F-11D3-BF4B-00C04F79EFBC}") = "Codefarts.ViewMessaging.Wpf", "Codefarts.ViewMessaging.Wpf\Codefarts.ViewMessaging.Wpf.csproj", "{B241A181-1EFD-4450-A4DD-97EF7929DE37}"
EndProject
Project("{FAE04EC0-301F-11D3-BF4B-00C04F79EFBC}") = "UIComposabilityViaPlugins", "Examples\UIComposabilityViaPlugins\UIComposabilityViaPlugins.csproj", "{C246C18B-F0C5-46C4-A726-780B5A094C4A}"
EndProject
Project("{2150E333-8FDC-42A3-9474-1A3956D46DE8}") = "UIComposabilityViaPlugins", "UIComposabilityViaPlugins", "{4D3FA4EE-8DE4-4D49-A4B5-85937F80A8EA}"
EndProject
Project("{2150E333-8FDC-42A3-9474-1A3956D46DE8}") = "Dependencies", "Dependencies", "{4FDAB806-2845-4B0B-8024-22189B9827CF}"
EndProject
Project("{FAE04EC0-301F-11D3-BF4B-00C04F79EFBC}") = "Codefarts.WPFCommonNET6", "..\Codefarts.WPFCommon\Codefarts.WPFCommonNET6\Codefarts.WPFCommonNET6.csproj", "{5D4A242D-1806-425A-B348-DD3E777D8481}"
EndProject
Project("{2150E333-8FDC-42A3-9474-1A3956D46DE8}") = "MonoGame", "MonoGame", "{E23D7AF3-00F5-4299-85D5-0320E19A6D6C}"
EndProject
Project("{2150E333-8FDC-42A3-9474-1A3956D46DE8}") = "Game Screen Manager", "Game Screen Manager", "{6E2FE9ED-4F5F-420D-AD1B-8455E5C78D6B}"
EndProject
Project("{FAE04EC0-301F-11D3-BF4B-00C04F79EFBC}") = "BasicGameScreens", "Examples\MonoGame\BasicGameScreens\BasicGameScreens.csproj", "{8AFC02E7-9B45-42B0-97E5-B499CDB89A5B}"
EndProject
Project("{2150E333-8FDC-42A3-9474-1A3956D46DE8}") = "MonoGame", "MonoGame", "{DE6174DE-B613-44E3-AB15-93A65525911F}"
EndProject
Project("{FAE04EC0-301F-11D3-BF4B-00C04F79EFBC}") = "ViewMessagingMonoGameScreens", "Examples\MonoGame\ViewMessagingMonoGameScreens\ViewMessagingMonoGameScreens.csproj", "{734BC2D2-E291-45F8-92E2-599195EB33D9}"
EndProject
Project("{FAE04EC0-301F-11D3-BF4B-00C04F79EFBC}") = "Codefarts.ViewMessaging.MonoGame.GameScreens", "Codefarts.ViewMessaging.MonoGame.GameScreens\Codefarts.ViewMessaging.MonoGame.GameScreens.csproj", "{DC2BD5AC-47B7-488D-864C-686C6CDB6C03}"
EndProject
Global
	GlobalSection(SolutionConfigurationPlatforms) = preSolution
		Debug|Any CPU = Debug|Any CPU
		Debug|ARM = Debug|ARM
		Debug|x64 = Debug|x64
		Debug|x86 = Debug|x86
		Release|Any CPU = Release|Any CPU
		Release|ARM = Release|ARM
		Release|x64 = Release|x64
		Release|x86 = Release|x86
	EndGlobalSection
	GlobalSection(ProjectConfigurationPlatforms) = postSolution
		{B4783468-A9BB-4138-A103-E44AEBD591B9}.Debug|Any CPU.ActiveCfg = Debug|Any CPU
		{B4783468-A9BB-4138-A103-E44AEBD591B9}.Debug|Any CPU.Build.0 = Debug|Any CPU
		{B4783468-A9BB-4138-A103-E44AEBD591B9}.Debug|ARM.ActiveCfg = Debug|Any CPU
		{B4783468-A9BB-4138-A103-E44AEBD591B9}.Debug|ARM.Build.0 = Debug|Any CPU
		{B4783468-A9BB-4138-A103-E44AEBD591B9}.Debug|x64.ActiveCfg = Debug|Any CPU
		{B4783468-A9BB-4138-A103-E44AEBD591B9}.Debug|x64.Build.0 = Debug|Any CPU
		{B4783468-A9BB-4138-A103-E44AEBD591B9}.Debug|x86.ActiveCfg = Debug|Any CPU
		{B4783468-A9BB-4138-A103-E44AEBD591B9}.Debug|x86.Build.0 = Debug|Any CPU
		{B4783468-A9BB-4138-A103-E44AEBD591B9}.Release|Any CPU.ActiveCfg = Release|Any CPU
		{B4783468-A9BB-4138-A103-E44AEBD591B9}.Release|Any CPU.Build.0 = Release|Any CPU
		{B4783468-A9BB-4138-A103-E44AEBD591B9}.Release|ARM.ActiveCfg = Release|Any CPU
		{B4783468-A9BB-4138-A103-E44AEBD591B9}.Release|ARM.Build.0 = Release|Any CPU
		{B4783468-A9BB-4138-A103-E44AEBD591B9}.Release|x64.ActiveCfg = Release|Any CPU
		{B4783468-A9BB-4138-A103-E44AEBD591B9}.Release|x64.Build.0 = Release|Any CPU
		{B4783468-A9BB-4138-A103-E44AEBD591B9}.Release|x86.ActiveCfg = Release|Any CPU
		{B4783468-A9BB-4138-A103-E44AEBD591B9}.Release|x86.Build.0 = Release|Any CPU
		{E3C9A202-DA38-43E7-9D03-91DB376855A0}.Debug|Any CPU.ActiveCfg = Debug|Any CPU
		{E3C9A202-DA38-43E7-9D03-91DB376855A0}.Debug|Any CPU.Build.0 = Debug|Any CPU
		{E3C9A202-DA38-43E7-9D03-91DB376855A0}.Debug|ARM.ActiveCfg = Debug|Any CPU
		{E3C9A202-DA38-43E7-9D03-91DB376855A0}.Debug|ARM.Build.0 = Debug|Any CPU
		{E3C9A202-DA38-43E7-9D03-91DB376855A0}.Debug|x64.ActiveCfg = Debug|Any CPU
		{E3C9A202-DA38-43E7-9D03-91DB376855A0}.Debug|x64.Build.0 = Debug|Any CPU
		{E3C9A202-DA38-43E7-9D03-91DB376855A0}.Debug|x86.ActiveCfg = Debug|Any CPU
		{E3C9A202-DA38-43E7-9D03-91DB376855A0}.Debug|x86.Build.0 = Debug|Any CPU
		{E3C9A202-DA38-43E7-9D03-91DB376855A0}.Release|Any CPU.ActiveCfg = Release|Any CPU
		{E3C9A202-DA38-43E7-9D03-91DB376855A0}.Release|Any CPU.Build.0 = Release|Any CPU
		{E3C9A202-DA38-43E7-9D03-91DB376855A0}.Release|ARM.ActiveCfg = Release|Any CPU
		{E3C9A202-DA38-43E7-9D03-91DB376855A0}.Release|ARM.Build.0 = Release|Any CPU
		{E3C9A202-DA38-43E7-9D03-91DB376855A0}.Release|x64.ActiveCfg = Release|Any CPU
		{E3C9A202-DA38-43E7-9D03-91DB376855A0}.Release|x64.Build.0 = Release|Any CPU
		{E3C9A202-DA38-43E7-9D03-91DB376855A0}.Release|x86.ActiveCfg = Release|Any CPU
		{E3C9A202-DA38-43E7-9D03-91DB376855A0}.Release|x86.Build.0 = Release|Any CPU
		{0EEA1957-7FCA-4791-B0D4-B5715312F93A}.Debug|Any CPU.ActiveCfg = Debug|Any CPU
		{0EEA1957-7FCA-4791-B0D4-B5715312F93A}.Debug|Any CPU.Build.0 = Debug|Any CPU
		{0EEA1957-7FCA-4791-B0D4-B5715312F93A}.Debug|ARM.ActiveCfg = Debug|Any CPU
		{0EEA1957-7FCA-4791-B0D4-B5715312F93A}.Debug|ARM.Build.0 = Debug|Any CPU
		{0EEA1957-7FCA-4791-B0D4-B5715312F93A}.Debug|x64.ActiveCfg = Debug|Any CPU
		{0EEA1957-7FCA-4791-B0D4-B5715312F93A}.Debug|x64.Build.0 = Debug|Any CPU
		{0EEA1957-7FCA-4791-B0D4-B5715312F93A}.Debug|x86.ActiveCfg = Debug|Any CPU
		{0EEA1957-7FCA-4791-B0D4-B5715312F93A}.Debug|x86.Build.0 = Debug|Any CPU
		{0EEA1957-7FCA-4791-B0D4-B5715312F93A}.Release|Any CPU.ActiveCfg = Release|Any CPU
		{0EEA1957-7FCA-4791-B0D4-B5715312F93A}.Release|Any CPU.Build.0 = Release|Any CPU
		{0EEA1957-7FCA-4791-B0D4-B5715312F93A}.Release|ARM.ActiveCfg = Release|Any CPU
		{0EEA1957-7FCA-4791-B0D4-B5715312F93A}.Release|ARM.Build.0 = Release|Any CPU
		{0EEA1957-7FCA-4791-B0D4-B5715312F93A}.Release|x64.ActiveCfg = Release|Any CPU
		{0EEA1957-7FCA-4791-B0D4-B5715312F93A}.Release|x64.Build.0 = Release|Any CPU
		{0EEA1957-7FCA-4791-B0D4-B5715312F93A}.Release|x86.ActiveCfg = Release|Any CPU
		{0EEA1957-7FCA-4791-B0D4-B5715312F93A}.Release|x86.Build.0 = Release|Any CPU
		{F047B7AE-40CD-417E-8B28-1C9B0A679383}.Debug|Any CPU.ActiveCfg = Debug|Any CPU
		{F047B7AE-40CD-417E-8B28-1C9B0A679383}.Debug|Any CPU.Build.0 = Debug|Any CPU
		{F047B7AE-40CD-417E-8B28-1C9B0A679383}.Debug|ARM.ActiveCfg = Debug|Any CPU
		{F047B7AE-40CD-417E-8B28-1C9B0A679383}.Debug|ARM.Build.0 = Debug|Any CPU
		{F047B7AE-40CD-417E-8B28-1C9B0A679383}.Debug|x64.ActiveCfg = Debug|Any CPU
		{F047B7AE-40CD-417E-8B28-1C9B0A679383}.Debug|x64.Build.0 = Debug|Any CPU
		{F047B7AE-40CD-417E-8B28-1C9B0A679383}.Debug|x86.ActiveCfg = Debug|Any CPU
		{F047B7AE-40CD-417E-8B28-1C9B0A679383}.Debug|x86.Build.0 = Debug|Any CPU
		{F047B7AE-40CD-417E-8B28-1C9B0A679383}.Release|Any CPU.ActiveCfg = Release|Any CPU
		{F047B7AE-40CD-417E-8B28-1C9B0A679383}.Release|Any CPU.Build.0 = Release|Any CPU
		{F047B7AE-40CD-417E-8B28-1C9B0A679383}.Release|ARM.ActiveCfg = Release|Any CPU
		{F047B7AE-40CD-417E-8B28-1C9B0A679383}.Release|ARM.Build.0 = Release|Any CPU
		{F047B7AE-40CD-417E-8B28-1C9B0A679383}.Release|x64.ActiveCfg = Release|Any CPU
		{F047B7AE-40CD-417E-8B28-1C9B0A679383}.Release|x64.Build.0 = Release|Any CPU
		{F047B7AE-40CD-417E-8B28-1C9B0A679383}.Release|x86.ActiveCfg = Release|Any CPU
		{F047B7AE-40CD-417E-8B28-1C9B0A679383}.Release|x86.Build.0 = Release|Any CPU
		{B241A181-1EFD-4450-A4DD-97EF7929DE37}.Debug|Any CPU.ActiveCfg = Debug|Any CPU
		{B241A181-1EFD-4450-A4DD-97EF7929DE37}.Debug|Any CPU.Build.0 = Debug|Any CPU
		{B241A181-1EFD-4450-A4DD-97EF7929DE37}.Debug|ARM.ActiveCfg = Debug|Any CPU
		{B241A181-1EFD-4450-A4DD-97EF7929DE37}.Debug|ARM.Build.0 = Debug|Any CPU
		{B241A181-1EFD-4450-A4DD-97EF7929DE37}.Debug|x64.ActiveCfg = Debug|Any CPU
		{B241A181-1EFD-4450-A4DD-97EF7929DE37}.Debug|x64.Build.0 = Debug|Any CPU
		{B241A181-1EFD-4450-A4DD-97EF7929DE37}.Debug|x86.ActiveCfg = Debug|Any CPU
		{B241A181-1EFD-4450-A4DD-97EF7929DE37}.Debug|x86.Build.0 = Debug|Any CPU
		{B241A181-1EFD-4450-A4DD-97EF7929DE37}.Release|Any CPU.ActiveCfg = Release|Any CPU
		{B241A181-1EFD-4450-A4DD-97EF7929DE37}.Release|Any CPU.Build.0 = Release|Any CPU
		{B241A181-1EFD-4450-A4DD-97EF7929DE37}.Release|ARM.ActiveCfg = Release|Any CPU
		{B241A181-1EFD-4450-A4DD-97EF7929DE37}.Release|ARM.Build.0 = Release|Any CPU
		{B241A181-1EFD-4450-A4DD-97EF7929DE37}.Release|x64.ActiveCfg = Release|Any CPU
		{B241A181-1EFD-4450-A4DD-97EF7929DE37}.Release|x64.Build.0 = Release|Any CPU
		{B241A181-1EFD-4450-A4DD-97EF7929DE37}.Release|x86.ActiveCfg = Release|Any CPU
		{B241A181-1EFD-4450-A4DD-97EF7929DE37}.Release|x86.Build.0 = Release|Any CPU
		{C246C18B-F0C5-46C4-A726-780B5A094C4A}.Debug|Any CPU.ActiveCfg = Debug|Any CPU
		{C246C18B-F0C5-46C4-A726-780B5A094C4A}.Debug|Any CPU.Build.0 = Debug|Any CPU
		{C246C18B-F0C5-46C4-A726-780B5A094C4A}.Debug|ARM.ActiveCfg = Debug|Any CPU
		{C246C18B-F0C5-46C4-A726-780B5A094C4A}.Debug|ARM.Build.0 = Debug|Any CPU
		{C246C18B-F0C5-46C4-A726-780B5A094C4A}.Debug|x64.ActiveCfg = Debug|Any CPU
		{C246C18B-F0C5-46C4-A726-780B5A094C4A}.Debug|x64.Build.0 = Debug|Any CPU
		{C246C18B-F0C5-46C4-A726-780B5A094C4A}.Debug|x86.ActiveCfg = Debug|Any CPU
		{C246C18B-F0C5-46C4-A726-780B5A094C4A}.Debug|x86.Build.0 = Debug|Any CPU
		{C246C18B-F0C5-46C4-A726-780B5A094C4A}.Release|Any CPU.ActiveCfg = Release|Any CPU
		{C246C18B-F0C5-46C4-A726-780B5A094C4A}.Release|Any CPU.Build.0 = Release|Any CPU
		{C246C18B-F0C5-46C4-A726-780B5A094C4A}.Release|ARM.ActiveCfg = Release|Any CPU
		{C246C18B-F0C5-46C4-A726-780B5A094C4A}.Release|ARM.Build.0 = Release|Any CPU
		{C246C18B-F0C5-46C4-A726-780B5A094C4A}.Release|x64.ActiveCfg = Release|Any CPU
		{C246C18B-F0C5-46C4-A726-780B5A094C4A}.Release|x64.Build.0 = Release|Any CPU
		{C246C18B-F0C5-46C4-A726-780B5A094C4A}.Release|x86.ActiveCfg = Release|Any CPU
		{C246C18B-F0C5-46C4-A726-780B5A094C4A}.Release|x86.Build.0 = Release|Any CPU
		{5D4A242D-1806-425A-B348-DD3E777D8481}.Debug|Any CPU.ActiveCfg = Debug|Any CPU
		{5D4A242D-1806-425A-B348-DD3E777D8481}.Debug|Any CPU.Build.0 = Debug|Any CPU
		{5D4A242D-1806-425A-B348-DD3E777D8481}.Debug|ARM.ActiveCfg = Debug|Any CPU
		{5D4A242D-1806-425A-B348-DD3E777D8481}.Debug|ARM.Build.0 = Debug|Any CPU
		{5D4A242D-1806-425A-B348-DD3E777D8481}.Debug|x64.ActiveCfg = Debug|Any CPU
		{5D4A242D-1806-425A-B348-DD3E777D8481}.Debug|x64.Build.0 = Debug|Any CPU
		{5D4A242D-1806-425A-B348-DD3E777D8481}.Debug|x86.ActiveCfg = Debug|Any CPU
		{5D4A242D-1806-425A-B348-DD3E777D8481}.Debug|x86.Build.0 = Debug|Any CPU
		{5D4A242D-1806-425A-B348-DD3E777D8481}.Release|Any CPU.ActiveCfg = Release|Any CPU
		{5D4A242D-1806-425A-B348-DD3E777D8481}.Release|Any CPU.Build.0 = Release|Any CPU
		{5D4A242D-1806-425A-B348-DD3E777D8481}.Release|ARM.ActiveCfg = Release|Any CPU
		{5D4A242D-1806-425A-B348-DD3E777D8481}.Release|ARM.Build.0 = Release|Any CPU
		{5D4A242D-1806-425A-B348-DD3E777D8481}.Release|x64.ActiveCfg = Release|Any CPU
		{5D4A242D-1806-425A-B348-DD3E777D8481}.Release|x64.Build.0 = Release|Any CPU
		{5D4A242D-1806-425A-B348-DD3E777D8481}.Release|x86.ActiveCfg = Release|Any CPU
		{5D4A242D-1806-425A-B348-DD3E777D8481}.Release|x86.Build.0 = Release|Any CPU
		{8AFC02E7-9B45-42B0-97E5-B499CDB89A5B}.Debug|Any CPU.ActiveCfg = Debug|Any CPU
		{8AFC02E7-9B45-42B0-97E5-B499CDB89A5B}.Debug|Any CPU.Build.0 = Debug|Any CPU
		{8AFC02E7-9B45-42B0-97E5-B499CDB89A5B}.Debug|ARM.ActiveCfg = Debug|Any CPU
		{8AFC02E7-9B45-42B0-97E5-B499CDB89A5B}.Debug|ARM.Build.0 = Debug|Any CPU
		{8AFC02E7-9B45-42B0-97E5-B499CDB89A5B}.Debug|x64.ActiveCfg = Debug|Any CPU
		{8AFC02E7-9B45-42B0-97E5-B499CDB89A5B}.Debug|x64.Build.0 = Debug|Any CPU
		{8AFC02E7-9B45-42B0-97E5-B499CDB89A5B}.Debug|x86.ActiveCfg = Debug|Any CPU
		{8AFC02E7-9B45-42B0-97E5-B499CDB89A5B}.Debug|x86.Build.0 = Debug|Any CPU
		{8AFC02E7-9B45-42B0-97E5-B499CDB89A5B}.Release|Any CPU.ActiveCfg = Release|Any CPU
		{8AFC02E7-9B45-42B0-97E5-B499CDB89A5B}.Release|Any CPU.Build.0 = Release|Any CPU
		{8AFC02E7-9B45-42B0-97E5-B499CDB89A5B}.Release|ARM.ActiveCfg = Release|Any CPU
		{8AFC02E7-9B45-42B0-97E5-B499CDB89A5B}.Release|ARM.Build.0 = Release|Any CPU
		{8AFC02E7-9B45-42B0-97E5-B499CDB89A5B}.Release|x64.ActiveCfg = Release|Any CPU
		{8AFC02E7-9B45-42B0-97E5-B499CDB89A5B}.Release|x64.Build.0 = Release|Any CPU
		{8AFC02E7-9B45-42B0-97E5-B499CDB89A5B}.Release|x86.ActiveCfg = Release|Any CPU
		{8AFC02E7-9B45-42B0-97E5-B499CDB89A5B}.Release|x86.Build.0 = Release|Any CPU
		{734BC2D2-E291-45F8-92E2-599195EB33D9}.Debug|Any CPU.ActiveCfg = Debug|Any CPU
		{734BC2D2-E291-45F8-92E2-599195EB33D9}.Debug|Any CPU.Build.0 = Debug|Any CPU
		{734BC2D2-E291-45F8-92E2-599195EB33D9}.Debug|ARM.ActiveCfg = Debug|Any CPU
		{734BC2D2-E291-45F8-92E2-599195EB33D9}.Debug|ARM.Build.0 = Debug|Any CPU
		{734BC2D2-E291-45F8-92E2-599195EB33D9}.Debug|x64.ActiveCfg = Debug|Any CPU
		{734BC2D2-E291-45F8-92E2-599195EB33D9}.Debug|x64.Build.0 = Debug|Any CPU
		{734BC2D2-E291-45F8-92E2-599195EB33D9}.Debug|x86.ActiveCfg = Debug|Any CPU
		{734BC2D2-E291-45F8-92E2-599195EB33D9}.Debug|x86.Build.0 = Debug|Any CPU
		{734BC2D2-E291-45F8-92E2-599195EB33D9}.Release|Any CPU.ActiveCfg = Release|Any CPU
		{734BC2D2-E291-45F8-92E2-599195EB33D9}.Release|Any CPU.Build.0 = Release|Any CPU
		{734BC2D2-E291-45F8-92E2-599195EB33D9}.Release|ARM.ActiveCfg = Release|Any CPU
		{734BC2D2-E291-45F8-92E2-599195EB33D9}.Release|ARM.Build.0 = Release|Any CPU
		{734BC2D2-E291-45F8-92E2-599195EB33D9}.Release|x64.ActiveCfg = Release|Any CPU
		{734BC2D2-E291-45F8-92E2-599195EB33D9}.Release|x64.Build.0 = Release|Any CPU
		{734BC2D2-E291-45F8-92E2-599195EB33D9}.Release|x86.ActiveCfg = Release|Any CPU
		{734BC2D2-E291-45F8-92E2-599195EB33D9}.Release|x86.Build.0 = Release|Any CPU
		{DC2BD5AC-47B7-488D-864C-686C6CDB6C03}.Debug|Any CPU.ActiveCfg = Debug|Any CPU
		{DC2BD5AC-47B7-488D-864C-686C6CDB6C03}.Debug|Any CPU.Build.0 = Debug|Any CPU
		{DC2BD5AC-47B7-488D-864C-686C6CDB6C03}.Debug|ARM.ActiveCfg = Debug|Any CPU
		{DC2BD5AC-47B7-488D-864C-686C6CDB6C03}.Debug|ARM.Build.0 = Debug|Any CPU
		{DC2BD5AC-47B7-488D-864C-686C6CDB6C03}.Debug|x64.ActiveCfg = Debug|Any CPU
		{DC2BD5AC-47B7-488D-864C-686C6CDB6C03}.Debug|x64.Build.0 = Debug|Any CPU
		{DC2BD5AC-47B7-488D-864C-686C6CDB6C03}.Debug|x86.ActiveCfg = Debug|Any CPU
		{DC2BD5AC-47B7-488D-864C-686C6CDB6C03}.Debug|x86.Build.0 = Debug|Any CPU
		{DC2BD5AC-47B7-488D-864C-686C6CDB6C03}.Release|Any CPU.ActiveCfg = Release|Any CPU
		{DC2BD5AC-47B7-488D-864C-686C6CDB6C03}.Release|Any CPU.Build.0 = Release|Any CPU
		{DC2BD5AC-47B7-488D-864C-686C6CDB6C03}.Release|ARM.ActiveCfg = Release|Any CPU
		{DC2BD5AC-47B7-488D-864C-686C6CDB6C03}.Release|ARM.Build.0 = Release|Any CPU
		{DC2BD5AC-47B7-488D-864C-686C6CDB6C03}.Release|x64.ActiveCfg = Release|Any CPU
		{DC2BD5AC-47B7-488D-864C-686C6CDB6C03}.Release|x64.Build.0 = Release|Any CPU
		{DC2BD5AC-47B7-488D-864C-686C6CDB6C03}.Release|x86.ActiveCfg = Release|Any CPU
		{DC2BD5AC-47B7-488D-864C-686C6CDB6C03}.Release|x86.Build.0 = Release|Any CPU
	EndGlobalSection
	GlobalSection(SolutionProperties) = preSolution
		HideSolutionNode = FALSE
	EndGlobalSection
	GlobalSection(NestedProjects) = preSolution
		{27472D9E-8B04-456D-9BF7-12F79B5F7311} = {41656F16-BAC6-41A2-B04D-963AEA691052}
		{0D90FCAC-E4EA-484B-B549-2A109B7A6BF2} = {41656F16-BAC6-41A2-B04D-963AEA691052}
		{0CEA8DA6-4625-43F3-A0E5-089919B30572} = {41656F16-BAC6-41A2-B04D-963AEA691052}
		{A481F5E8-ED68-468E-9BB9-6D309E0E4208} = {41656F16-BAC6-41A2-B04D-963AEA691052}
		{03CE212B-CB87-4FF2-A625-C10CBC6CA5BB} = {E64A7C78-3D5C-4ACE-85C8-81B3A754DF78}
		{6DAAD4C6-B9D4-457C-A4EB-9E970F2D0147} = {E64A7C78-3D5C-4ACE-85C8-81B3A754DF78}
		{B4783468-A9BB-4138-A103-E44AEBD591B9} = {6DAAD4C6-B9D4-457C-A4EB-9E970F2D0147}
		{E3C9A202-DA38-43E7-9D03-91DB376855A0} = {0D90FCAC-E4EA-484B-B549-2A109B7A6BF2}
		{0EEA1957-7FCA-4791-B0D4-B5715312F93A} = {03CE212B-CB87-4FF2-A625-C10CBC6CA5BB}
		{F047B7AE-40CD-417E-8B28-1C9B0A679383} = {B4FB8B5C-B342-4238-867E-1E849F64145A}
		{B241A181-1EFD-4450-A4DD-97EF7929DE37} = {27472D9E-8B04-456D-9BF7-12F79B5F7311}
		{4D3FA4EE-8DE4-4D49-A4B5-85937F80A8EA} = {03CE212B-CB87-4FF2-A625-C10CBC6CA5BB}
		{C246C18B-F0C5-46C4-A726-780B5A094C4A} = {4D3FA4EE-8DE4-4D49-A4B5-85937F80A8EA}
		{4FDAB806-2845-4B0B-8024-22189B9827CF} = {4D3FA4EE-8DE4-4D49-A4B5-85937F80A8EA}
		{5D4A242D-1806-425A-B348-DD3E777D8481} = {4FDAB806-2845-4B0B-8024-22189B9827CF}
		{E23D7AF3-00F5-4299-85D5-0320E19A6D6C} = {E64A7C78-3D5C-4ACE-85C8-81B3A754DF78}
		{6E2FE9ED-4F5F-420D-AD1B-8455E5C78D6B} = {E23D7AF3-00F5-4299-85D5-0320E19A6D6C}
		{8AFC02E7-9B45-42B0-97E5-B499CDB89A5B} = {6E2FE9ED-4F5F-420D-AD1B-8455E5C78D6B}
		{DE6174DE-B613-44E3-AB15-93A65525911F} = {41656F16-BAC6-41A2-B04D-963AEA691052}
		{734BC2D2-E291-45F8-92E2-599195EB33D9} = {6E2FE9ED-4F5F-420D-AD1B-8455E5C78D6B}
		{DC2BD5AC-47B7-488D-864C-686C6CDB6C03} = {DE6174DE-B613-44E3-AB15-93A65525911F}
	EndGlobalSection
	GlobalSection(ExtensibilityGlobals) = postSolution
		SolutionGuid = {B467AE10-55A4-44E5-A364-D427167E1326}
	EndGlobalSection
EndGlobal
