
Microsoft Visual Studio Solution File, Format Version 12.00
# Visual Studio Version 16
VisualStudioVersion = 16.0.30002.166
MinimumVisualStudioVersion = 10.0.40219.1
Project("{FAE04EC0-301F-11D3-BF4B-00C04F79EFBC}") = "Codefarts.ViewMessagingNET20", "Codefarts.ViewMessagingNET20\Codefarts.ViewMessagingNET20.csproj", "{B62145E2-F6D7-439A-96F2-8C66F4CFA439}"
EndProject
Project("{FAE04EC0-301F-11D3-BF4B-00C04F79EFBC}") = "Codefarts.ViewMessagingNET45", "Codefarts.ViewMessagingNET45\Codefarts.ViewMessagingNET45.csproj", "{EF13D915-12AE-4F3A-BF3A-7F20F862F54F}"
EndProject
Project("{9A19103F-16F7-4668-BE54-9A1E7A4F7556}") = "Codefarts.ViewMessagingNETStd2", "Codefarts.ViewMessagingNETStd2\Codefarts.ViewMessagingNETStd2.csproj", "{3BC98AB1-7771-44BF-B973-A91B628CE220}"
EndProject
Project("{FAE04EC0-301F-11D3-BF4B-00C04F79EFBC}") = "Codefarts.ViewMessagingPCL", "Codefarts.ViewMessagingPCL\Codefarts.ViewMessagingPCL.csproj", "{62F8A382-AA45-4869-87D3-7DCE7C0AB312}"
EndProject
Project("{FAE04EC0-301F-11D3-BF4B-00C04F79EFBC}") = "Codefarts.ViewMessagingUWP", "Codefarts.ViewMessagingUWP\Codefarts.ViewMessagingUWP.csproj", "{64806A0A-15D1-47A7-A906-1AE7D5EFEC1A}"
EndProject
Project("{FAE04EC0-301F-11D3-BF4B-00C04F79EFBC}") = "Codefarts.ViewMessagingWPF45", "Codefarts.ViewMessagingWPF45\Codefarts.ViewMessagingWPF45.csproj", "{2B8942EA-351B-495E-ACE6-163574492094}"
EndProject
Project("{FAE04EC0-301F-11D3-BF4B-00C04F79EFBC}") = "Codefarts.ViewMessagingWPF46", "Codefarts.ViewMessagingWPF46\Codefarts.ViewMessagingWPF46.csproj", "{EFFF08A8-A37A-447D-BFDF-A08DB90BAF80}"
EndProject
Project("{2150E333-8FDC-42A3-9474-1A3956D46DE8}") = "Wpf", "Wpf", "{27472D9E-8B04-456D-9BF7-12F79B5F7311}"
EndProject
Project("{2150E333-8FDC-42A3-9474-1A3956D46DE8}") = "Core Libs", "Core Libs", "{B4FB8B5C-B342-4238-867E-1E849F64145A}"
EndProject
Project("{9A19103F-16F7-4668-BE54-9A1E7A4F7556}") = "Codefarts.ViewMessagingWpfNETCore31", "Codefarts.ViewMessagingWpfNETCore31\Codefarts.ViewMessagingWpfNETCore31.csproj", "{A576B1B8-1CDB-48AB-B1F6-B31A724D7CF0}"
EndProject
Global
	GlobalSection(SolutionConfigurationPlatforms) = preSolution
		Debug|Any CPU = Debug|Any CPU
		Debug|ARM = Debug|ARM
		Debug|x64 = Debug|x64
		Debug|x86 = Debug|x86
		Release|Any CPU = Release|Any CPU
		Release|ARM = Release|ARM
		Release|x64 = Release|x64
		Release|x86 = Release|x86
	EndGlobalSection
	GlobalSection(ProjectConfigurationPlatforms) = postSolution
		{B62145E2-F6D7-439A-96F2-8C66F4CFA439}.Debug|Any CPU.ActiveCfg = Debug|Any CPU
		{B62145E2-F6D7-439A-96F2-8C66F4CFA439}.Debug|Any CPU.Build.0 = Debug|Any CPU
		{B62145E2-F6D7-439A-96F2-8C66F4CFA439}.Debug|ARM.ActiveCfg = Debug|Any CPU
		{B62145E2-F6D7-439A-96F2-8C66F4CFA439}.Debug|ARM.Build.0 = Debug|Any CPU
		{B62145E2-F6D7-439A-96F2-8C66F4CFA439}.Debug|x64.ActiveCfg = Debug|Any CPU
		{B62145E2-F6D7-439A-96F2-8C66F4CFA439}.Debug|x64.Build.0 = Debug|Any CPU
		{B62145E2-F6D7-439A-96F2-8C66F4CFA439}.Debug|x86.ActiveCfg = Debug|Any CPU
		{B62145E2-F6D7-439A-96F2-8C66F4CFA439}.Debug|x86.Build.0 = Debug|Any CPU
		{B62145E2-F6D7-439A-96F2-8C66F4CFA439}.Release|Any CPU.ActiveCfg = Release|Any CPU
		{B62145E2-F6D7-439A-96F2-8C66F4CFA439}.Release|Any CPU.Build.0 = Release|Any CPU
		{B62145E2-F6D7-439A-96F2-8C66F4CFA439}.Release|ARM.ActiveCfg = Release|Any CPU
		{B62145E2-F6D7-439A-96F2-8C66F4CFA439}.Release|ARM.Build.0 = Release|Any CPU
		{B62145E2-F6D7-439A-96F2-8C66F4CFA439}.Release|x64.ActiveCfg = Release|Any CPU
		{B62145E2-F6D7-439A-96F2-8C66F4CFA439}.Release|x64.Build.0 = Release|Any CPU
		{B62145E2-F6D7-439A-96F2-8C66F4CFA439}.Release|x86.ActiveCfg = Release|Any CPU
		{B62145E2-F6D7-439A-96F2-8C66F4CFA439}.Release|x86.Build.0 = Release|Any CPU
		{EF13D915-12AE-4F3A-BF3A-7F20F862F54F}.Debug|Any CPU.ActiveCfg = Debug|Any CPU
		{EF13D915-12AE-4F3A-BF3A-7F20F862F54F}.Debug|Any CPU.Build.0 = Debug|Any CPU
		{EF13D915-12AE-4F3A-BF3A-7F20F862F54F}.Debug|ARM.ActiveCfg = Debug|Any CPU
		{EF13D915-12AE-4F3A-BF3A-7F20F862F54F}.Debug|ARM.Build.0 = Debug|Any CPU
		{EF13D915-12AE-4F3A-BF3A-7F20F862F54F}.Debug|x64.ActiveCfg = Debug|Any CPU
		{EF13D915-12AE-4F3A-BF3A-7F20F862F54F}.Debug|x64.Build.0 = Debug|Any CPU
		{EF13D915-12AE-4F3A-BF3A-7F20F862F54F}.Debug|x86.ActiveCfg = Debug|Any CPU
		{EF13D915-12AE-4F3A-BF3A-7F20F862F54F}.Debug|x86.Build.0 = Debug|Any CPU
		{EF13D915-12AE-4F3A-BF3A-7F20F862F54F}.Release|Any CPU.ActiveCfg = Release|Any CPU
		{EF13D915-12AE-4F3A-BF3A-7F20F862F54F}.Release|Any CPU.Build.0 = Release|Any CPU
		{EF13D915-12AE-4F3A-BF3A-7F20F862F54F}.Release|ARM.ActiveCfg = Release|Any CPU
		{EF13D915-12AE-4F3A-BF3A-7F20F862F54F}.Release|ARM.Build.0 = Release|Any CPU
		{EF13D915-12AE-4F3A-BF3A-7F20F862F54F}.Release|x64.ActiveCfg = Release|Any CPU
		{EF13D915-12AE-4F3A-BF3A-7F20F862F54F}.Release|x64.Build.0 = Release|Any CPU
		{EF13D915-12AE-4F3A-BF3A-7F20F862F54F}.Release|x86.ActiveCfg = Release|Any CPU
		{EF13D915-12AE-4F3A-BF3A-7F20F862F54F}.Release|x86.Build.0 = Release|Any CPU
		{3BC98AB1-7771-44BF-B973-A91B628CE220}.Debug|Any CPU.ActiveCfg = Debug|Any CPU
		{3BC98AB1-7771-44BF-B973-A91B628CE220}.Debug|Any CPU.Build.0 = Debug|Any CPU
		{3BC98AB1-7771-44BF-B973-A91B628CE220}.Debug|ARM.ActiveCfg = Debug|Any CPU
		{3BC98AB1-7771-44BF-B973-A91B628CE220}.Debug|ARM.Build.0 = Debug|Any CPU
		{3BC98AB1-7771-44BF-B973-A91B628CE220}.Debug|x64.ActiveCfg = Debug|Any CPU
		{3BC98AB1-7771-44BF-B973-A91B628CE220}.Debug|x64.Build.0 = Debug|Any CPU
		{3BC98AB1-7771-44BF-B973-A91B628CE220}.Debug|x86.ActiveCfg = Debug|Any CPU
		{3BC98AB1-7771-44BF-B973-A91B628CE220}.Debug|x86.Build.0 = Debug|Any CPU
		{3BC98AB1-7771-44BF-B973-A91B628CE220}.Release|Any CPU.ActiveCfg = Release|Any CPU
		{3BC98AB1-7771-44BF-B973-A91B628CE220}.Release|Any CPU.Build.0 = Release|Any CPU
		{3BC98AB1-7771-44BF-B973-A91B628CE220}.Release|ARM.ActiveCfg = Release|Any CPU
		{3BC98AB1-7771-44BF-B973-A91B628CE220}.Release|ARM.Build.0 = Release|Any CPU
		{3BC98AB1-7771-44BF-B973-A91B628CE220}.Release|x64.ActiveCfg = Release|Any CPU
		{3BC98AB1-7771-44BF-B973-A91B628CE220}.Release|x64.Build.0 = Release|Any CPU
		{3BC98AB1-7771-44BF-B973-A91B628CE220}.Release|x86.ActiveCfg = Release|Any CPU
		{3BC98AB1-7771-44BF-B973-A91B628CE220}.Release|x86.Build.0 = Release|Any CPU
		{62F8A382-AA45-4869-87D3-7DCE7C0AB312}.Debug|Any CPU.ActiveCfg = Debug|Any CPU
		{62F8A382-AA45-4869-87D3-7DCE7C0AB312}.Debug|Any CPU.Build.0 = Debug|Any CPU
		{62F8A382-AA45-4869-87D3-7DCE7C0AB312}.Debug|ARM.ActiveCfg = Debug|Any CPU
		{62F8A382-AA45-4869-87D3-7DCE7C0AB312}.Debug|ARM.Build.0 = Debug|Any CPU
		{62F8A382-AA45-4869-87D3-7DCE7C0AB312}.Debug|x64.ActiveCfg = Debug|Any CPU
		{62F8A382-AA45-4869-87D3-7DCE7C0AB312}.Debug|x64.Build.0 = Debug|Any CPU
		{62F8A382-AA45-4869-87D3-7DCE7C0AB312}.Debug|x86.ActiveCfg = Debug|Any CPU
		{62F8A382-AA45-4869-87D3-7DCE7C0AB312}.Debug|x86.Build.0 = Debug|Any CPU
		{62F8A382-AA45-4869-87D3-7DCE7C0AB312}.Release|Any CPU.ActiveCfg = Release|Any CPU
		{62F8A382-AA45-4869-87D3-7DCE7C0AB312}.Release|Any CPU.Build.0 = Release|Any CPU
		{62F8A382-AA45-4869-87D3-7DCE7C0AB312}.Release|ARM.ActiveCfg = Release|Any CPU
		{62F8A382-AA45-4869-87D3-7DCE7C0AB312}.Release|ARM.Build.0 = Release|Any CPU
		{62F8A382-AA45-4869-87D3-7DCE7C0AB312}.Release|x64.ActiveCfg = Release|Any CPU
		{62F8A382-AA45-4869-87D3-7DCE7C0AB312}.Release|x64.Build.0 = Release|Any CPU
		{62F8A382-AA45-4869-87D3-7DCE7C0AB312}.Release|x86.ActiveCfg = Release|Any CPU
		{62F8A382-AA45-4869-87D3-7DCE7C0AB312}.Release|x86.Build.0 = Release|Any CPU
		{64806A0A-15D1-47A7-A906-1AE7D5EFEC1A}.Debug|Any CPU.ActiveCfg = Debug|Any CPU
		{64806A0A-15D1-47A7-A906-1AE7D5EFEC1A}.Debug|Any CPU.Build.0 = Debug|Any CPU
		{64806A0A-15D1-47A7-A906-1AE7D5EFEC1A}.Debug|ARM.ActiveCfg = Debug|ARM
		{64806A0A-15D1-47A7-A906-1AE7D5EFEC1A}.Debug|ARM.Build.0 = Debug|ARM
		{64806A0A-15D1-47A7-A906-1AE7D5EFEC1A}.Debug|x64.ActiveCfg = Debug|x64
		{64806A0A-15D1-47A7-A906-1AE7D5EFEC1A}.Debug|x64.Build.0 = Debug|x64
		{64806A0A-15D1-47A7-A906-1AE7D5EFEC1A}.Debug|x86.ActiveCfg = Debug|x86
		{64806A0A-15D1-47A7-A906-1AE7D5EFEC1A}.Debug|x86.Build.0 = Debug|x86
		{64806A0A-15D1-47A7-A906-1AE7D5EFEC1A}.Release|Any CPU.ActiveCfg = Release|Any CPU
		{64806A0A-15D1-47A7-A906-1AE7D5EFEC1A}.Release|Any CPU.Build.0 = Release|Any CPU
		{64806A0A-15D1-47A7-A906-1AE7D5EFEC1A}.Release|ARM.ActiveCfg = Release|ARM
		{64806A0A-15D1-47A7-A906-1AE7D5EFEC1A}.Release|ARM.Build.0 = Release|ARM
		{64806A0A-15D1-47A7-A906-1AE7D5EFEC1A}.Release|x64.ActiveCfg = Release|x64
		{64806A0A-15D1-47A7-A906-1AE7D5EFEC1A}.Release|x64.Build.0 = Release|x64
		{64806A0A-15D1-47A7-A906-1AE7D5EFEC1A}.Release|x86.ActiveCfg = Release|x86
		{64806A0A-15D1-47A7-A906-1AE7D5EFEC1A}.Release|x86.Build.0 = Release|x86
		{2B8942EA-351B-495E-ACE6-163574492094}.Debug|Any CPU.ActiveCfg = Debug|Any CPU
		{2B8942EA-351B-495E-ACE6-163574492094}.Debug|Any CPU.Build.0 = Debug|Any CPU
		{2B8942EA-351B-495E-ACE6-163574492094}.Debug|ARM.ActiveCfg = Debug|Any CPU
		{2B8942EA-351B-495E-ACE6-163574492094}.Debug|ARM.Build.0 = Debug|Any CPU
		{2B8942EA-351B-495E-ACE6-163574492094}.Debug|x64.ActiveCfg = Debug|Any CPU
		{2B8942EA-351B-495E-ACE6-163574492094}.Debug|x64.Build.0 = Debug|Any CPU
		{2B8942EA-351B-495E-ACE6-163574492094}.Debug|x86.ActiveCfg = Debug|Any CPU
		{2B8942EA-351B-495E-ACE6-163574492094}.Debug|x86.Build.0 = Debug|Any CPU
		{2B8942EA-351B-495E-ACE6-163574492094}.Release|Any CPU.ActiveCfg = Release|Any CPU
		{2B8942EA-351B-495E-ACE6-163574492094}.Release|Any CPU.Build.0 = Release|Any CPU
		{2B8942EA-351B-495E-ACE6-163574492094}.Release|ARM.ActiveCfg = Release|Any CPU
		{2B8942EA-351B-495E-ACE6-163574492094}.Release|ARM.Build.0 = Release|Any CPU
		{2B8942EA-351B-495E-ACE6-163574492094}.Release|x64.ActiveCfg = Release|Any CPU
		{2B8942EA-351B-495E-ACE6-163574492094}.Release|x64.Build.0 = Release|Any CPU
		{2B8942EA-351B-495E-ACE6-163574492094}.Release|x86.ActiveCfg = Release|Any CPU
		{2B8942EA-351B-495E-ACE6-163574492094}.Release|x86.Build.0 = Release|Any CPU
		{EFFF08A8-A37A-447D-BFDF-A08DB90BAF80}.Debug|Any CPU.ActiveCfg = Debug|Any CPU
		{EFFF08A8-A37A-447D-BFDF-A08DB90BAF80}.Debug|Any CPU.Build.0 = Debug|Any CPU
		{EFFF08A8-A37A-447D-BFDF-A08DB90BAF80}.Debug|ARM.ActiveCfg = Debug|Any CPU
		{EFFF08A8-A37A-447D-BFDF-A08DB90BAF80}.Debug|ARM.Build.0 = Debug|Any CPU
		{EFFF08A8-A37A-447D-BFDF-A08DB90BAF80}.Debug|x64.ActiveCfg = Debug|Any CPU
		{EFFF08A8-A37A-447D-BFDF-A08DB90BAF80}.Debug|x64.Build.0 = Debug|Any CPU
		{EFFF08A8-A37A-447D-BFDF-A08DB90BAF80}.Debug|x86.ActiveCfg = Debug|Any CPU
		{EFFF08A8-A37A-447D-BFDF-A08DB90BAF80}.Debug|x86.Build.0 = Debug|Any CPU
		{EFFF08A8-A37A-447D-BFDF-A08DB90BAF80}.Release|Any CPU.ActiveCfg = Release|Any CPU
		{EFFF08A8-A37A-447D-BFDF-A08DB90BAF80}.Release|Any CPU.Build.0 = Release|Any CPU
		{EFFF08A8-A37A-447D-BFDF-A08DB90BAF80}.Release|ARM.ActiveCfg = Release|Any CPU
		{EFFF08A8-A37A-447D-BFDF-A08DB90BAF80}.Release|ARM.Build.0 = Release|Any CPU
		{EFFF08A8-A37A-447D-BFDF-A08DB90BAF80}.Release|x64.ActiveCfg = Release|Any CPU
		{EFFF08A8-A37A-447D-BFDF-A08DB90BAF80}.Release|x64.Build.0 = Release|Any CPU
		{EFFF08A8-A37A-447D-BFDF-A08DB90BAF80}.Release|x86.ActiveCfg = Release|Any CPU
		{EFFF08A8-A37A-447D-BFDF-A08DB90BAF80}.Release|x86.Build.0 = Release|Any CPU
		{A576B1B8-1CDB-48AB-B1F6-B31A724D7CF0}.Debug|Any CPU.ActiveCfg = Debug|Any CPU
		{A576B1B8-1CDB-48AB-B1F6-B31A724D7CF0}.Debug|Any CPU.Build.0 = Debug|Any CPU
		{A576B1B8-1CDB-48AB-B1F6-B31A724D7CF0}.Debug|ARM.ActiveCfg = Debug|Any CPU
		{A576B1B8-1CDB-48AB-B1F6-B31A724D7CF0}.Debug|ARM.Build.0 = Debug|Any CPU
		{A576B1B8-1CDB-48AB-B1F6-B31A724D7CF0}.Debug|x64.ActiveCfg = Debug|Any CPU
		{A576B1B8-1CDB-48AB-B1F6-B31A724D7CF0}.Debug|x64.Build.0 = Debug|Any CPU
		{A576B1B8-1CDB-48AB-B1F6-B31A724D7CF0}.Debug|x86.ActiveCfg = Debug|Any CPU
		{A576B1B8-1CDB-48AB-B1F6-B31A724D7CF0}.Debug|x86.Build.0 = Debug|Any CPU
		{A576B1B8-1CDB-48AB-B1F6-B31A724D7CF0}.Release|Any CPU.ActiveCfg = Release|Any CPU
		{A576B1B8-1CDB-48AB-B1F6-B31A724D7CF0}.Release|Any CPU.Build.0 = Release|Any CPU
		{A576B1B8-1CDB-48AB-B1F6-B31A724D7CF0}.Release|ARM.ActiveCfg = Release|Any CPU
		{A576B1B8-1CDB-48AB-B1F6-B31A724D7CF0}.Release|ARM.Build.0 = Release|Any CPU
		{A576B1B8-1CDB-48AB-B1F6-B31A724D7CF0}.Release|x64.ActiveCfg = Release|Any CPU
		{A576B1B8-1CDB-48AB-B1F6-B31A724D7CF0}.Release|x64.Build.0 = Release|Any CPU
		{A576B1B8-1CDB-48AB-B1F6-B31A724D7CF0}.Release|x86.ActiveCfg = Release|Any CPU
		{A576B1B8-1CDB-48AB-B1F6-B31A724D7CF0}.Release|x86.Build.0 = Release|Any CPU
	EndGlobalSection
	GlobalSection(SolutionProperties) = preSolution
		HideSolutionNode = FALSE
	EndGlobalSection
	GlobalSection(NestedProjects) = preSolution
		{B62145E2-F6D7-439A-96F2-8C66F4CFA439} = {B4FB8B5C-B342-4238-867E-1E849F64145A}
		{EF13D915-12AE-4F3A-BF3A-7F20F862F54F} = {B4FB8B5C-B342-4238-867E-1E849F64145A}
		{3BC98AB1-7771-44BF-B973-A91B628CE220} = {B4FB8B5C-B342-4238-867E-1E849F64145A}
		{62F8A382-AA45-4869-87D3-7DCE7C0AB312} = {B4FB8B5C-B342-4238-867E-1E849F64145A}
		{64806A0A-15D1-47A7-A906-1AE7D5EFEC1A} = {B4FB8B5C-B342-4238-867E-1E849F64145A}
		{2B8942EA-351B-495E-ACE6-163574492094} = {27472D9E-8B04-456D-9BF7-12F79B5F7311}
		{EFFF08A8-A37A-447D-BFDF-A08DB90BAF80} = {27472D9E-8B04-456D-9BF7-12F79B5F7311}
		{A576B1B8-1CDB-48AB-B1F6-B31A724D7CF0} = {27472D9E-8B04-456D-9BF7-12F79B5F7311}
	EndGlobalSection
	GlobalSection(ExtensibilityGlobals) = postSolution
		SolutionGuid = {B467AE10-55A4-44E5-A364-D427167E1326}
	EndGlobalSection
EndGlobal
